
Microsoft Visual Studio Solution File, Format Version 12.00
# Visual Studio 15
VisualStudioVersion = 15.0.27703.2026
MinimumVisualStudioVersion = 10.0.40219.1
Project("{FAE04EC0-301F-11D3-BF4B-00C04F79EFBC}") = "Altantis_DeviceSensorEP", "Altantis_DeviceSensorEP\Altantis_DeviceSensorEP.csproj", "{7182BCAD-3DFD-4613-8E9E-D5573C0B94C8}"
EndProject
Global
	GlobalSection(SolutionConfigurationPlatforms) = preSolution
		Debug|Any CPU = Debug|Any CPU
		Release|Any CPU = Release|Any CPU
	EndGlobalSection
	GlobalSection(ProjectConfigurationPlatforms) = postSolution
		{7182BCAD-3DFD-4613-8E9E-D5573C0B94C8}.Debug|Any CPU.ActiveCfg = Debug|Any CPU
		{7182BCAD-3DFD-4613-8E9E-D5573C0B94C8}.Debug|Any CPU.Build.0 = Debug|Any CPU
		{7182BCAD-3DFD-4613-8E9E-D5573C0B94C8}.Release|Any CPU.ActiveCfg = Release|Any CPU
		{7182BCAD-3DFD-4613-8E9E-D5573C0B94C8}.Release|Any CPU.Build.0 = Release|Any CPU
	EndGlobalSection
	GlobalSection(SolutionProperties) = preSolution
		HideSolutionNode = FALSE
	EndGlobalSection
	GlobalSection(ExtensibilityGlobals) = postSolution
		SolutionGuid = {5F145B17-68C7-4EBB-AC06-692D4C6FB152}
	EndGlobalSection
EndGlobal
